
Microsoft Visual Studio Solution File, Format Version 12.00
# Visual Studio 15
Project("{FAE04EC0-301F-11D3-BF4B-00C04F79EFBC}") = "UnityGameFramework.Runtime", "UnityGameFramework.Runtime.csproj", "{745AB03E-2F7E-D8C1-F5A5-21522EE7CF68}"
EndProject
Project("{FAE04EC0-301F-11D3-BF4B-00C04F79EFBC}") = "GameFramework", "GameFramework.csproj", "{28DE4AB8-F9C2-3CC5-6856-9EB685B36374}"
EndProject
Project("{FAE04EC0-301F-11D3-BF4B-00C04F79EFBC}") = "Builtin.Runtime", "Builtin.Runtime.csproj", "{56692DFA-43B0-ED92-FBC4-C53AC4C0FCC0}"
EndProject
Project("{FAE04EC0-301F-11D3-BF4B-00C04F79EFBC}") = "UniTask.Linq", "UniTask.Linq.csproj", "{46F9341E-75C3-5496-3554-08549D05DEA0}"
EndProject
Project("{FAE04EC0-301F-11D3-BF4B-00C04F79EFBC}") = "UnityGameFramework.Editor", "UnityGameFramework.Editor.csproj", "{34165BAB-9A28-A4BD-A5BB-A9B781AD834D}"
EndProject
Project("{FAE04EC0-301F-11D3-BF4B-00C04F79EFBC}") = "ZString", "ZString.csproj", "{84874A5E-6983-2DB8-A749-3395F2B6B1CB}"
EndProject
Project("{FAE04EC0-301F-11D3-BF4B-00C04F79EFBC}") = "DOTween.Extension", "DOTween.Extension.csproj", "{9E998677-66A6-E024-0280-15ECFFDBDB50}"
EndProject
Project("{FAE04EC0-301F-11D3-BF4B-00C04F79EFBC}") = "UniTask", "UniTask.csproj", "{27B7F0D1-43FE-6454-7430-FB79C42F52BB}"
EndProject
Project("{FAE04EC0-301F-11D3-BF4B-00C04F79EFBC}") = "Hotfix", "Hotfix.csproj", "{7B797AA5-F553-5126-F6C5-6EB5BD0C2F79}"
EndProject
Project("{FAE04EC0-301F-11D3-BF4B-00C04F79EFBC}") = "Assembly-CSharp-Editor", "Assembly-CSharp-Editor.csproj", "{912BB0FB-3C6E-82A2-3FCA-1D696CF1CEE6}"
EndProject
Project("{FAE04EC0-301F-11D3-BF4B-00C04F79EFBC}") = "UniTask.Addressables", "UniTask.Addressables.csproj", "{EF5401FA-0B88-95F4-CB9E-9872F5B71E15}"
EndProject
Project("{FAE04EC0-301F-11D3-BF4B-00C04F79EFBC}") = "UniTask.TextMeshPro", "UniTask.TextMeshPro.csproj", "{CEE874FE-5F2B-A4E4-39FA-1FE45398A1D3}"
EndProject
Project("{FAE04EC0-301F-11D3-BF4B-00C04F79EFBC}") = "Assembly-CSharp", "Assembly-CSharp.csproj", "{B93F37BD-38AE-D7BA-00DF-7082CC16041F}"
EndProject
Project("{FAE04EC0-301F-11D3-BF4B-00C04F79EFBC}") = "UniTask.DOTween", "UniTask.DOTween.csproj", "{2B54DF1B-8D2E-1045-35B2-A7A28E5BDAFC}"
EndProject
Project("{FAE04EC0-301F-11D3-BF4B-00C04F79EFBC}") = "UniTask.Editor", "UniTask.Editor.csproj", "{FE456125-AB61-E0D3-90B2-3C1E15372675}"
EndProject
Global
	GlobalSection(SolutionConfigurationPlatforms) = preSolution
		Debug|Any CPU = Debug|Any CPU
		Release|Any CPU = Release|Any CPU
	EndGlobalSection
	GlobalSection(ProjectConfigurationPlatforms) = postSolution
		{745AB03E-2F7E-D8C1-F5A5-21522EE7CF68}.Debug|Any CPU.ActiveCfg = Debug|Any CPU
		{745AB03E-2F7E-D8C1-F5A5-21522EE7CF68}.Debug|Any CPU.Build.0 = Debug|Any CPU
		{745AB03E-2F7E-D8C1-F5A5-21522EE7CF68}.Release|Any CPU.ActiveCfg = Release|Any CPU
		{745AB03E-2F7E-D8C1-F5A5-21522EE7CF68}.Release|Any CPU.Build.0 = Release|Any CPU
		{28DE4AB8-F9C2-3CC5-6856-9EB685B36374}.Debug|Any CPU.ActiveCfg = Debug|Any CPU
		{28DE4AB8-F9C2-3CC5-6856-9EB685B36374}.Debug|Any CPU.Build.0 = Debug|Any CPU
		{28DE4AB8-F9C2-3CC5-6856-9EB685B36374}.Release|Any CPU.ActiveCfg = Release|Any CPU
		{28DE4AB8-F9C2-3CC5-6856-9EB685B36374}.Release|Any CPU.Build.0 = Release|Any CPU
		{56692DFA-43B0-ED92-FBC4-C53AC4C0FCC0}.Debug|Any CPU.ActiveCfg = Debug|Any CPU
		{56692DFA-43B0-ED92-FBC4-C53AC4C0FCC0}.Debug|Any CPU.Build.0 = Debug|Any CPU
		{56692DFA-43B0-ED92-FBC4-C53AC4C0FCC0}.Release|Any CPU.ActiveCfg = Release|Any CPU
		{56692DFA-43B0-ED92-FBC4-C53AC4C0FCC0}.Release|Any CPU.Build.0 = Release|Any CPU
		{46F9341E-75C3-5496-3554-08549D05DEA0}.Debug|Any CPU.ActiveCfg = Debug|Any CPU
		{46F9341E-75C3-5496-3554-08549D05DEA0}.Debug|Any CPU.Build.0 = Debug|Any CPU
		{46F9341E-75C3-5496-3554-08549D05DEA0}.Release|Any CPU.ActiveCfg = Release|Any CPU
		{46F9341E-75C3-5496-3554-08549D05DEA0}.Release|Any CPU.Build.0 = Release|Any CPU
		{34165BAB-9A28-A4BD-A5BB-A9B781AD834D}.Debug|Any CPU.ActiveCfg = Debug|Any CPU
		{34165BAB-9A28-A4BD-A5BB-A9B781AD834D}.Debug|Any CPU.Build.0 = Debug|Any CPU
		{34165BAB-9A28-A4BD-A5BB-A9B781AD834D}.Release|Any CPU.ActiveCfg = Release|Any CPU
		{34165BAB-9A28-A4BD-A5BB-A9B781AD834D}.Release|Any CPU.Build.0 = Release|Any CPU
		{84874A5E-6983-2DB8-A749-3395F2B6B1CB}.Debug|Any CPU.ActiveCfg = Debug|Any CPU
		{84874A5E-6983-2DB8-A749-3395F2B6B1CB}.Debug|Any CPU.Build.0 = Debug|Any CPU
		{84874A5E-6983-2DB8-A749-3395F2B6B1CB}.Release|Any CPU.ActiveCfg = Release|Any CPU
		{84874A5E-6983-2DB8-A749-3395F2B6B1CB}.Release|Any CPU.Build.0 = Release|Any CPU
		{9E998677-66A6-E024-0280-15ECFFDBDB50}.Debug|Any CPU.ActiveCfg = Debug|Any CPU
		{9E998677-66A6-E024-0280-15ECFFDBDB50}.Debug|Any CPU.Build.0 = Debug|Any CPU
		{9E998677-66A6-E024-0280-15ECFFDBDB50}.Release|Any CPU.ActiveCfg = Release|Any CPU
		{9E998677-66A6-E024-0280-15ECFFDBDB50}.Release|Any CPU.Build.0 = Release|Any CPU
		{27B7F0D1-43FE-6454-7430-FB79C42F52BB}.Debug|Any CPU.ActiveCfg = Debug|Any CPU
		{27B7F0D1-43FE-6454-7430-FB79C42F52BB}.Debug|Any CPU.Build.0 = Debug|Any CPU
		{27B7F0D1-43FE-6454-7430-FB79C42F52BB}.Release|Any CPU.ActiveCfg = Release|Any CPU
		{27B7F0D1-43FE-6454-7430-FB79C42F52BB}.Release|Any CPU.Build.0 = Release|Any CPU
		{7B797AA5-F553-5126-F6C5-6EB5BD0C2F79}.Debug|Any CPU.ActiveCfg = Debug|Any CPU
		{7B797AA5-F553-5126-F6C5-6EB5BD0C2F79}.Debug|Any CPU.Build.0 = Debug|Any CPU
		{7B797AA5-F553-5126-F6C5-6EB5BD0C2F79}.Release|Any CPU.ActiveCfg = Release|Any CPU
		{7B797AA5-F553-5126-F6C5-6EB5BD0C2F79}.Release|Any CPU.Build.0 = Release|Any CPU
		{912BB0FB-3C6E-82A2-3FCA-1D696CF1CEE6}.Debug|Any CPU.ActiveCfg = Debug|Any CPU
		{912BB0FB-3C6E-82A2-3FCA-1D696CF1CEE6}.Debug|Any CPU.Build.0 = Debug|Any CPU
		{912BB0FB-3C6E-82A2-3FCA-1D696CF1CEE6}.Release|Any CPU.ActiveCfg = Release|Any CPU
		{912BB0FB-3C6E-82A2-3FCA-1D696CF1CEE6}.Release|Any CPU.Build.0 = Release|Any CPU
		{EF5401FA-0B88-95F4-CB9E-9872F5B71E15}.Debug|Any CPU.ActiveCfg = Debug|Any CPU
		{EF5401FA-0B88-95F4-CB9E-9872F5B71E15}.Debug|Any CPU.Build.0 = Debug|Any CPU
		{EF5401FA-0B88-95F4-CB9E-9872F5B71E15}.Release|Any CPU.ActiveCfg = Release|Any CPU
		{EF5401FA-0B88-95F4-CB9E-9872F5B71E15}.Release|Any CPU.Build.0 = Release|Any CPU
		{CEE874FE-5F2B-A4E4-39FA-1FE45398A1D3}.Debug|Any CPU.ActiveCfg = Debug|Any CPU
		{CEE874FE-5F2B-A4E4-39FA-1FE45398A1D3}.Debug|Any CPU.Build.0 = Debug|Any CPU
		{CEE874FE-5F2B-A4E4-39FA-1FE45398A1D3}.Release|Any CPU.ActiveCfg = Release|Any CPU
		{CEE874FE-5F2B-A4E4-39FA-1FE45398A1D3}.Release|Any CPU.Build.0 = Release|Any CPU
		{B93F37BD-38AE-D7BA-00DF-7082CC16041F}.Debug|Any CPU.ActiveCfg = Debug|Any CPU
		{B93F37BD-38AE-D7BA-00DF-7082CC16041F}.Debug|Any CPU.Build.0 = Debug|Any CPU
		{B93F37BD-38AE-D7BA-00DF-7082CC16041F}.Release|Any CPU.ActiveCfg = Release|Any CPU
		{B93F37BD-38AE-D7BA-00DF-7082CC16041F}.Release|Any CPU.Build.0 = Release|Any CPU
		{2B54DF1B-8D2E-1045-35B2-A7A28E5BDAFC}.Debug|Any CPU.ActiveCfg = Debug|Any CPU
		{2B54DF1B-8D2E-1045-35B2-A7A28E5BDAFC}.Debug|Any CPU.Build.0 = Debug|Any CPU
		{2B54DF1B-8D2E-1045-35B2-A7A28E5BDAFC}.Release|Any CPU.ActiveCfg = Release|Any CPU
		{2B54DF1B-8D2E-1045-35B2-A7A28E5BDAFC}.Release|Any CPU.Build.0 = Release|Any CPU
		{FE456125-AB61-E0D3-90B2-3C1E15372675}.Debug|Any CPU.ActiveCfg = Debug|Any CPU
		{FE456125-AB61-E0D3-90B2-3C1E15372675}.Debug|Any CPU.Build.0 = Debug|Any CPU
		{FE456125-AB61-E0D3-90B2-3C1E15372675}.Release|Any CPU.ActiveCfg = Release|Any CPU
		{FE456125-AB61-E0D3-90B2-3C1E15372675}.Release|Any CPU.Build.0 = Release|Any CPU
	EndGlobalSection
	GlobalSection(SolutionProperties) = preSolution
		HideSolutionNode = FALSE
	EndGlobalSection
EndGlobal
